// !$*UTF8*$!
{
	archiveVersion = 1;
	classes = {
	};
	objectVersion = 46;
	objects = {

/* Begin PBXBuildFile section */
		18AA61448835705FB3945802 /* Pods_Stormpath_Swift_Example.framework in Frameworks */ = {isa = PBXBuildFile; fileRef = 6729F3369563D59A20CB75EB /* Pods_Stormpath_Swift_Example.framework */; };
		DF6B38FC1C7E31B100177A98 /* main.m in Sources */ = {isa = PBXBuildFile; fileRef = DF6B38FB1C7E31B100177A98 /* main.m */; };
		DF6B38FF1C7E31B100177A98 /* AppDelegate.m in Sources */ = {isa = PBXBuildFile; fileRef = DF6B38FE1C7E31B100177A98 /* AppDelegate.m */; };
		DF6B39051C7E31B100177A98 /* Main.storyboard in Resources */ = {isa = PBXBuildFile; fileRef = DF6B39031C7E31B100177A98 /* Main.storyboard */; };
		DF6B39071C7E31B100177A98 /* Assets.xcassets in Resources */ = {isa = PBXBuildFile; fileRef = DF6B39061C7E31B100177A98 /* Assets.xcassets */; };
		DF6B390A1C7E31B100177A98 /* LaunchScreen.storyboard in Resources */ = {isa = PBXBuildFile; fileRef = DF6B39081C7E31B100177A98 /* LaunchScreen.storyboard */; };
		DF6B39111C7E322600177A98 /* LoginViewController.m in Sources */ = {isa = PBXBuildFile; fileRef = DF6B39101C7E322600177A98 /* LoginViewController.m */; };
		DF6B39141C7E323100177A98 /* RegisterViewController.m in Sources */ = {isa = PBXBuildFile; fileRef = DF6B39131C7E323100177A98 /* RegisterViewController.m */; };
		DF6B39171C7E323800177A98 /* ProfileViewController.m in Sources */ = {isa = PBXBuildFile; fileRef = DF6B39161C7E323800177A98 /* ProfileViewController.m */; };
		DF904C671C763CD300BE53E5 /* AppDelegate.swift in Sources */ = {isa = PBXBuildFile; fileRef = DF904C661C763CD300BE53E5 /* AppDelegate.swift */; };
		DF904C6C1C763CD300BE53E5 /* Main.storyboard in Resources */ = {isa = PBXBuildFile; fileRef = DF904C6A1C763CD300BE53E5 /* Main.storyboard */; };
		DF904C6E1C763CD300BE53E5 /* Assets.xcassets in Resources */ = {isa = PBXBuildFile; fileRef = DF904C6D1C763CD300BE53E5 /* Assets.xcassets */; };
		DF904C711C763CD300BE53E5 /* LaunchScreen.storyboard in Resources */ = {isa = PBXBuildFile; fileRef = DF904C6F1C763CD300BE53E5 /* LaunchScreen.storyboard */; };
		DF904C791C763CE400BE53E5 /* LoginViewController.swift in Sources */ = {isa = PBXBuildFile; fileRef = DF904C781C763CE400BE53E5 /* LoginViewController.swift */; };
		DF904C7B1C763CEC00BE53E5 /* RegisterViewController.swift in Sources */ = {isa = PBXBuildFile; fileRef = DF904C7A1C763CEC00BE53E5 /* RegisterViewController.swift */; };
		DF904C7D1C763CFC00BE53E5 /* ProfileViewController.swift in Sources */ = {isa = PBXBuildFile; fileRef = DF904C7C1C763CFC00BE53E5 /* ProfileViewController.swift */; };
		DFFA80441C7E381B00701AA8 /* UIViewController+Alerts.m in Sources */ = {isa = PBXBuildFile; fileRef = DFFA80431C7E381B00701AA8 /* UIViewController+Alerts.m */; };
		E72BF18E1FD229BB2BE3C145 /* Pods_Stormpath_ObjC_Example.framework in Frameworks */ = {isa = PBXBuildFile; fileRef = 7A6BBFA0088C9D6962DE2171 /* Pods_Stormpath_ObjC_Example.framework */; };
/* End PBXBuildFile section */

/* Begin PBXFileReference section */
		1BB18F1870982BB14A875E7F /* Pods-Stormpath ObjC Example.release.xcconfig */ = {isa = PBXFileReference; includeInIndex = 1; lastKnownFileType = text.xcconfig; name = "Pods-Stormpath ObjC Example.release.xcconfig"; path = "Pods/Target Support Files/Pods-Stormpath ObjC Example/Pods-Stormpath ObjC Example.release.xcconfig"; sourceTree = "<group>"; };
		6729F3369563D59A20CB75EB /* Pods_Stormpath_Swift_Example.framework */ = {isa = PBXFileReference; explicitFileType = wrapper.framework; includeInIndex = 0; path = Pods_Stormpath_Swift_Example.framework; sourceTree = BUILT_PRODUCTS_DIR; };
		7A6BBFA0088C9D6962DE2171 /* Pods_Stormpath_ObjC_Example.framework */ = {isa = PBXFileReference; explicitFileType = wrapper.framework; includeInIndex = 0; path = Pods_Stormpath_ObjC_Example.framework; sourceTree = BUILT_PRODUCTS_DIR; };
		8DC27C0F7A1FD8EE39721A7F /* Pods-Stormpath ObjC Example.debug.xcconfig */ = {isa = PBXFileReference; includeInIndex = 1; lastKnownFileType = text.xcconfig; name = "Pods-Stormpath ObjC Example.debug.xcconfig"; path = "Pods/Target Support Files/Pods-Stormpath ObjC Example/Pods-Stormpath ObjC Example.debug.xcconfig"; sourceTree = "<group>"; };
		91C1B86223B9D87D2C15018D /* Pods-Stormpath Swift Example.release.xcconfig */ = {isa = PBXFileReference; includeInIndex = 1; lastKnownFileType = text.xcconfig; name = "Pods-Stormpath Swift Example.release.xcconfig"; path = "Pods/Target Support Files/Pods-Stormpath Swift Example/Pods-Stormpath Swift Example.release.xcconfig"; sourceTree = "<group>"; };
		A3BBF287FECA0905979B236C /* Pods-Stormpath Swift Example.debug.xcconfig */ = {isa = PBXFileReference; includeInIndex = 1; lastKnownFileType = text.xcconfig; name = "Pods-Stormpath Swift Example.debug.xcconfig"; path = "Pods/Target Support Files/Pods-Stormpath Swift Example/Pods-Stormpath Swift Example.debug.xcconfig"; sourceTree = "<group>"; };
		DF6B38F81C7E31B100177A98 /* Stormpath ObjC Example.app */ = {isa = PBXFileReference; explicitFileType = wrapper.application; includeInIndex = 0; path = "Stormpath ObjC Example.app"; sourceTree = BUILT_PRODUCTS_DIR; };
		DF6B38FB1C7E31B100177A98 /* main.m */ = {isa = PBXFileReference; lastKnownFileType = sourcecode.c.objc; path = main.m; sourceTree = "<group>"; };
		DF6B38FD1C7E31B100177A98 /* AppDelegate.h */ = {isa = PBXFileReference; lastKnownFileType = sourcecode.c.h; path = AppDelegate.h; sourceTree = "<group>"; };
		DF6B38FE1C7E31B100177A98 /* AppDelegate.m */ = {isa = PBXFileReference; lastKnownFileType = sourcecode.c.objc; path = AppDelegate.m; sourceTree = "<group>"; };
		DF6B39041C7E31B100177A98 /* Base */ = {isa = PBXFileReference; lastKnownFileType = file.storyboard; name = Base; path = Base.lproj/Main.storyboard; sourceTree = "<group>"; };
		DF6B39061C7E31B100177A98 /* Assets.xcassets */ = {isa = PBXFileReference; lastKnownFileType = folder.assetcatalog; path = Assets.xcassets; sourceTree = "<group>"; };
		DF6B39091C7E31B100177A98 /* Base */ = {isa = PBXFileReference; lastKnownFileType = file.storyboard; name = Base; path = Base.lproj/LaunchScreen.storyboard; sourceTree = "<group>"; };
		DF6B390B1C7E31B100177A98 /* Info.plist */ = {isa = PBXFileReference; lastKnownFileType = text.plist.xml; path = Info.plist; sourceTree = "<group>"; };
		DF6B390F1C7E322600177A98 /* LoginViewController.h */ = {isa = PBXFileReference; fileEncoding = 4; lastKnownFileType = sourcecode.c.h; path = LoginViewController.h; sourceTree = "<group>"; };
		DF6B39101C7E322600177A98 /* LoginViewController.m */ = {isa = PBXFileReference; fileEncoding = 4; lastKnownFileType = sourcecode.c.objc; path = LoginViewController.m; sourceTree = "<group>"; };
		DF6B39121C7E323100177A98 /* RegisterViewController.h */ = {isa = PBXFileReference; fileEncoding = 4; lastKnownFileType = sourcecode.c.h; path = RegisterViewController.h; sourceTree = "<group>"; };
		DF6B39131C7E323100177A98 /* RegisterViewController.m */ = {isa = PBXFileReference; fileEncoding = 4; lastKnownFileType = sourcecode.c.objc; path = RegisterViewController.m; sourceTree = "<group>"; };
		DF6B39151C7E323800177A98 /* ProfileViewController.h */ = {isa = PBXFileReference; fileEncoding = 4; lastKnownFileType = sourcecode.c.h; path = ProfileViewController.h; sourceTree = "<group>"; };
		DF6B39161C7E323800177A98 /* ProfileViewController.m */ = {isa = PBXFileReference; fileEncoding = 4; lastKnownFileType = sourcecode.c.objc; path = ProfileViewController.m; sourceTree = "<group>"; };
		DF904C631C763CD300BE53E5 /* Stormpath Swift Example.app */ = {isa = PBXFileReference; explicitFileType = wrapper.application; includeInIndex = 0; path = "Stormpath Swift Example.app"; sourceTree = BUILT_PRODUCTS_DIR; };
		DF904C661C763CD300BE53E5 /* AppDelegate.swift */ = {isa = PBXFileReference; lastKnownFileType = sourcecode.swift; path = AppDelegate.swift; sourceTree = "<group>"; };
		DF904C6B1C763CD300BE53E5 /* Base */ = {isa = PBXFileReference; lastKnownFileType = file.storyboard; name = Base; path = Base.lproj/Main.storyboard; sourceTree = "<group>"; };
		DF904C6D1C763CD300BE53E5 /* Assets.xcassets */ = {isa = PBXFileReference; lastKnownFileType = folder.assetcatalog; path = Assets.xcassets; sourceTree = "<group>"; };
		DF904C701C763CD300BE53E5 /* Base */ = {isa = PBXFileReference; lastKnownFileType = file.storyboard; name = Base; path = Base.lproj/LaunchScreen.storyboard; sourceTree = "<group>"; };
		DF904C721C763CD300BE53E5 /* Info.plist */ = {isa = PBXFileReference; lastKnownFileType = text.plist.xml; path = Info.plist; sourceTree = "<group>"; };
		DF904C781C763CE400BE53E5 /* LoginViewController.swift */ = {isa = PBXFileReference; fileEncoding = 4; lastKnownFileType = sourcecode.swift; path = LoginViewController.swift; sourceTree = "<group>"; };
		DF904C7A1C763CEC00BE53E5 /* RegisterViewController.swift */ = {isa = PBXFileReference; fileEncoding = 4; lastKnownFileType = sourcecode.swift; path = RegisterViewController.swift; sourceTree = "<group>"; };
		DF904C7C1C763CFC00BE53E5 /* ProfileViewController.swift */ = {isa = PBXFileReference; fileEncoding = 4; lastKnownFileType = sourcecode.swift; path = ProfileViewController.swift; sourceTree = "<group>"; };
		DFFA80421C7E381B00701AA8 /* UIViewController+Alerts.h */ = {isa = PBXFileReference; fileEncoding = 4; lastKnownFileType = sourcecode.c.h; path = "UIViewController+Alerts.h"; sourceTree = "<group>"; };
		DFFA80431C7E381B00701AA8 /* UIViewController+Alerts.m */ = {isa = PBXFileReference; fileEncoding = 4; lastKnownFileType = sourcecode.c.objc; path = "UIViewController+Alerts.m"; sourceTree = "<group>"; };
/* End PBXFileReference section */

/* Begin PBXFrameworksBuildPhase section */
		DF6B38F51C7E31B100177A98 /* Frameworks */ = {
			isa = PBXFrameworksBuildPhase;
			buildActionMask = 2147483647;
			files = (
				E72BF18E1FD229BB2BE3C145 /* Pods_Stormpath_ObjC_Example.framework in Frameworks */,
			);
			runOnlyForDeploymentPostprocessing = 0;
		};
		DF904C601C763CD300BE53E5 /* Frameworks */ = {
			isa = PBXFrameworksBuildPhase;
			buildActionMask = 2147483647;
			files = (
				18AA61448835705FB3945802 /* Pods_Stormpath_Swift_Example.framework in Frameworks */,
			);
			runOnlyForDeploymentPostprocessing = 0;
		};
/* End PBXFrameworksBuildPhase section */

/* Begin PBXGroup section */
		3DB8D3466D2DD960DB7C9D76 /* Pods */ = {
			isa = PBXGroup;
			children = (
				8DC27C0F7A1FD8EE39721A7F /* Pods-Stormpath ObjC Example.debug.xcconfig */,
				1BB18F1870982BB14A875E7F /* Pods-Stormpath ObjC Example.release.xcconfig */,
				A3BBF287FECA0905979B236C /* Pods-Stormpath Swift Example.debug.xcconfig */,
				91C1B86223B9D87D2C15018D /* Pods-Stormpath Swift Example.release.xcconfig */,
			);
			name = Pods;
			sourceTree = "<group>";
		};
		D8B300CC5556B5335A449183 /* Frameworks */ = {
			isa = PBXGroup;
			children = (
				7A6BBFA0088C9D6962DE2171 /* Pods_Stormpath_ObjC_Example.framework */,
				6729F3369563D59A20CB75EB /* Pods_Stormpath_Swift_Example.framework */,
			);
			name = Frameworks;
			sourceTree = "<group>";
		};
		DF6B38F91C7E31B100177A98 /* Stormpath ObjC Example */ = {
			isa = PBXGroup;
			children = (
				DF6B38FD1C7E31B100177A98 /* AppDelegate.h */,
				DF6B38FE1C7E31B100177A98 /* AppDelegate.m */,
				DF6B39031C7E31B100177A98 /* Main.storyboard */,
				DF6B39061C7E31B100177A98 /* Assets.xcassets */,
				DF6B39081C7E31B100177A98 /* LaunchScreen.storyboard */,
				DF6B390B1C7E31B100177A98 /* Info.plist */,
				DF6B38FA1C7E31B100177A98 /* Supporting Files */,
				DF6B390F1C7E322600177A98 /* LoginViewController.h */,
				DF6B39101C7E322600177A98 /* LoginViewController.m */,
				DF6B39121C7E323100177A98 /* RegisterViewController.h */,
				DF6B39131C7E323100177A98 /* RegisterViewController.m */,
				DF6B39151C7E323800177A98 /* ProfileViewController.h */,
				DF6B39161C7E323800177A98 /* ProfileViewController.m */,
				DFFA80421C7E381B00701AA8 /* UIViewController+Alerts.h */,
				DFFA80431C7E381B00701AA8 /* UIViewController+Alerts.m */,
			);
			path = "Stormpath ObjC Example";
			sourceTree = "<group>";
		};
		DF6B38FA1C7E31B100177A98 /* Supporting Files */ = {
			isa = PBXGroup;
			children = (
				DF6B38FB1C7E31B100177A98 /* main.m */,
			);
			name = "Supporting Files";
			sourceTree = "<group>";
		};
		DF904C5A1C763CD300BE53E5 = {
			isa = PBXGroup;
			children = (
				DF904C651C763CD300BE53E5 /* Stormpath Swift Example */,
				DF6B38F91C7E31B100177A98 /* Stormpath ObjC Example */,
				DF904C641C763CD300BE53E5 /* Products */,
				3DB8D3466D2DD960DB7C9D76 /* Pods */,
				D8B300CC5556B5335A449183 /* Frameworks */,
			);
			sourceTree = "<group>";
		};
		DF904C641C763CD300BE53E5 /* Products */ = {
			isa = PBXGroup;
			children = (
				DF904C631C763CD300BE53E5 /* Stormpath Swift Example.app */,
				DF6B38F81C7E31B100177A98 /* Stormpath ObjC Example.app */,
			);
			name = Products;
			sourceTree = "<group>";
		};
		DF904C651C763CD300BE53E5 /* Stormpath Swift Example */ = {
			isa = PBXGroup;
			children = (
				DF904C661C763CD300BE53E5 /* AppDelegate.swift */,
				DF904C6A1C763CD300BE53E5 /* Main.storyboard */,
				DF904C6D1C763CD300BE53E5 /* Assets.xcassets */,
				DF904C6F1C763CD300BE53E5 /* LaunchScreen.storyboard */,
				DF904C721C763CD300BE53E5 /* Info.plist */,
				DF904C781C763CE400BE53E5 /* LoginViewController.swift */,
				DF904C7A1C763CEC00BE53E5 /* RegisterViewController.swift */,
				DF904C7C1C763CFC00BE53E5 /* ProfileViewController.swift */,
			);
			path = "Stormpath Swift Example";
			sourceTree = "<group>";
		};
/* End PBXGroup section */

/* Begin PBXNativeTarget section */
		DF6B38F71C7E31B100177A98 /* Stormpath ObjC Example */ = {
			isa = PBXNativeTarget;
			buildConfigurationList = DF6B390E1C7E31B100177A98 /* Build configuration list for PBXNativeTarget "Stormpath ObjC Example" */;
			buildPhases = (
				A21C89455E1E92D070D1D8E0 /* [CP] Check Pods Manifest.lock */,
				DF6B38F41C7E31B100177A98 /* Sources */,
				DF6B38F51C7E31B100177A98 /* Frameworks */,
				DF6B38F61C7E31B100177A98 /* Resources */,
				258B85333C0B0203C1586A77 /* [CP] Embed Pods Frameworks */,
				1642CC29D5C7701916FC316E /* [CP] Copy Pods Resources */,
			);
			buildRules = (
			);
			dependencies = (
			);
			name = "Stormpath ObjC Example";
			productName = "Stormpath ObjC Example";
			productReference = DF6B38F81C7E31B100177A98 /* Stormpath ObjC Example.app */;
			productType = "com.apple.product-type.application";
		};
		DF904C621C763CD300BE53E5 /* Stormpath Swift Example */ = {
			isa = PBXNativeTarget;
			buildConfigurationList = DF904C751C763CD300BE53E5 /* Build configuration list for PBXNativeTarget "Stormpath Swift Example" */;
			buildPhases = (
				0DFE1BBCDC9D6FC5E1EE259D /* [CP] Check Pods Manifest.lock */,
				DF904C5F1C763CD300BE53E5 /* Sources */,
				DF904C601C763CD300BE53E5 /* Frameworks */,
				DF904C611C763CD300BE53E5 /* Resources */,
				5782546C843AA363BA2C0D23 /* [CP] Embed Pods Frameworks */,
				503888A64E8E94DD01D57397 /* [CP] Copy Pods Resources */,
			);
			buildRules = (
			);
			dependencies = (
			);
			name = "Stormpath Swift Example";
			productName = "Stormpath iOS Example";
			productReference = DF904C631C763CD300BE53E5 /* Stormpath Swift Example.app */;
			productType = "com.apple.product-type.application";
		};
/* End PBXNativeTarget section */

/* Begin PBXProject section */
		DF904C5B1C763CD300BE53E5 /* Project object */ = {
			isa = PBXProject;
			attributes = {
				LastSwiftUpdateCheck = 0720;
				LastUpgradeCheck = 0720;
				ORGANIZATIONNAME = Stormpath;
				TargetAttributes = {
					DF6B38F71C7E31B100177A98 = {
						CreatedOnToolsVersion = 7.2;
						DevelopmentTeam = 2KJYZ9RG2S;
					};
					DF904C621C763CD300BE53E5 = {
						CreatedOnToolsVersion = 7.2;
						DevelopmentTeam = 2KJYZ9RG2S;
						LastSwiftMigration = 0800;
					};
				};
			};
			buildConfigurationList = DF904C5E1C763CD300BE53E5 /* Build configuration list for PBXProject "Stormpath iOS Example" */;
			compatibilityVersion = "Xcode 3.2";
			developmentRegion = English;
			hasScannedForEncodings = 0;
			knownRegions = (
				en,
				Base,
			);
			mainGroup = DF904C5A1C763CD300BE53E5;
			productRefGroup = DF904C641C763CD300BE53E5 /* Products */;
			projectDirPath = "";
			projectRoot = "";
			targets = (
				DF904C621C763CD300BE53E5 /* Stormpath Swift Example */,
				DF6B38F71C7E31B100177A98 /* Stormpath ObjC Example */,
			);
		};
/* End PBXProject section */

/* Begin PBXResourcesBuildPhase section */
		DF6B38F61C7E31B100177A98 /* Resources */ = {
			isa = PBXResourcesBuildPhase;
			buildActionMask = 2147483647;
			files = (
				DF6B390A1C7E31B100177A98 /* LaunchScreen.storyboard in Resources */,
				DF6B39071C7E31B100177A98 /* Assets.xcassets in Resources */,
				DF6B39051C7E31B100177A98 /* Main.storyboard in Resources */,
			);
			runOnlyForDeploymentPostprocessing = 0;
		};
		DF904C611C763CD300BE53E5 /* Resources */ = {
			isa = PBXResourcesBuildPhase;
			buildActionMask = 2147483647;
			files = (
				DF904C711C763CD300BE53E5 /* LaunchScreen.storyboard in Resources */,
				DF904C6E1C763CD300BE53E5 /* Assets.xcassets in Resources */,
				DF904C6C1C763CD300BE53E5 /* Main.storyboard in Resources */,
			);
			runOnlyForDeploymentPostprocessing = 0;
		};
/* End PBXResourcesBuildPhase section */

/* Begin PBXShellScriptBuildPhase section */
		0DFE1BBCDC9D6FC5E1EE259D /* [CP] Check Pods Manifest.lock */ = {
			isa = PBXShellScriptBuildPhase;
			buildActionMask = 2147483647;
			files = (
			);
			inputPaths = (
			);
			name = "[CP] Check Pods Manifest.lock";
			outputPaths = (
			);
			runOnlyForDeploymentPostprocessing = 0;
			shellPath = /bin/sh;
			shellScript = "diff \"${PODS_ROOT}/../Podfile.lock\" \"${PODS_ROOT}/Manifest.lock\" > /dev/null\nif [ $? != 0 ] ; then\n    # print error to STDERR\n    echo \"error: The sandbox is not in sync with the Podfile.lock. Run 'pod install' or update your CocoaPods installation.\" >&2\n    exit 1\nfi\n";
			showEnvVarsInLog = 0;
		};
		1642CC29D5C7701916FC316E /* [CP] Copy Pods Resources */ = {
			isa = PBXShellScriptBuildPhase;
			buildActionMask = 2147483647;
			files = (
			);
			inputPaths = (
			);
			name = "[CP] Copy Pods Resources";
			outputPaths = (
			);
			runOnlyForDeploymentPostprocessing = 0;
			shellPath = /bin/sh;
			shellScript = "\"${SRCROOT}/Pods/Target Support Files/Pods-Stormpath ObjC Example/Pods-Stormpath ObjC Example-resources.sh\"\n";
			showEnvVarsInLog = 0;
		};
		258B85333C0B0203C1586A77 /* [CP] Embed Pods Frameworks */ = {
			isa = PBXShellScriptBuildPhase;
			buildActionMask = 2147483647;
			files = (
			);
			inputPaths = (
			);
			name = "[CP] Embed Pods Frameworks";
			outputPaths = (
			);
			runOnlyForDeploymentPostprocessing = 0;
			shellPath = /bin/sh;
			shellScript = "\"${SRCROOT}/Pods/Target Support Files/Pods-Stormpath ObjC Example/Pods-Stormpath ObjC Example-frameworks.sh\"\n";
			showEnvVarsInLog = 0;
		};
		503888A64E8E94DD01D57397 /* [CP] Copy Pods Resources */ = {
			isa = PBXShellScriptBuildPhase;
			buildActionMask = 8;
			files = (
			);
			inputPaths = (
			);
			name = "[CP] Copy Pods Resources";
			outputPaths = (
			);
			runOnlyForDeploymentPostprocessing = 1;
			shellPath = /bin/sh;
			shellScript = "\"${SRCROOT}/Pods/Target Support Files/Pods-Stormpath Swift Example/Pods-Stormpath Swift Example-resources.sh\"\n";
			showEnvVarsInLog = 0;
		};
		5782546C843AA363BA2C0D23 /* [CP] Embed Pods Frameworks */ = {
			isa = PBXShellScriptBuildPhase;
			buildActionMask = 2147483647;
			files = (
			);
			inputPaths = (
			);
			name = "[CP] Embed Pods Frameworks";
			outputPaths = (
			);
			runOnlyForDeploymentPostprocessing = 0;
			shellPath = /bin/sh;
			shellScript = "\"${SRCROOT}/Pods/Target Support Files/Pods-Stormpath Swift Example/Pods-Stormpath Swift Example-frameworks.sh\"\n";
			showEnvVarsInLog = 0;
		};
		A21C89455E1E92D070D1D8E0 /* [CP] Check Pods Manifest.lock */ = {
			isa = PBXShellScriptBuildPhase;
			buildActionMask = 2147483647;
			files = (
			);
			inputPaths = (
			);
			name = "[CP] Check Pods Manifest.lock";
			outputPaths = (
			);
			runOnlyForDeploymentPostprocessing = 0;
			shellPath = /bin/sh;
			shellScript = "diff \"${PODS_ROOT}/../Podfile.lock\" \"${PODS_ROOT}/Manifest.lock\" > /dev/null\nif [ $? != 0 ] ; then\n    # print error to STDERR\n    echo \"error: The sandbox is not in sync with the Podfile.lock. Run 'pod install' or update your CocoaPods installation.\" >&2\n    exit 1\nfi\n";
			showEnvVarsInLog = 0;
		};
/* End PBXShellScriptBuildPhase section */

/* Begin PBXSourcesBuildPhase section */
		DF6B38F41C7E31B100177A98 /* Sources */ = {
			isa = PBXSourcesBuildPhase;
			buildActionMask = 2147483647;
			files = (
				DFFA80441C7E381B00701AA8 /* UIViewController+Alerts.m in Sources */,
				DF6B38FF1C7E31B100177A98 /* AppDelegate.m in Sources */,
				DF6B38FC1C7E31B100177A98 /* main.m in Sources */,
				DF6B39111C7E322600177A98 /* LoginViewController.m in Sources */,
				DF6B39141C7E323100177A98 /* RegisterViewController.m in Sources */,
				DF6B39171C7E323800177A98 /* ProfileViewController.m in Sources */,
			);
			runOnlyForDeploymentPostprocessing = 0;
		};
		DF904C5F1C763CD300BE53E5 /* Sources */ = {
			isa = PBXSourcesBuildPhase;
			buildActionMask = 2147483647;
			files = (
				DF904C7B1C763CEC00BE53E5 /* RegisterViewController.swift in Sources */,
				DF904C791C763CE400BE53E5 /* LoginViewController.swift in Sources */,
				DF904C7D1C763CFC00BE53E5 /* ProfileViewController.swift in Sources */,
				DF904C671C763CD300BE53E5 /* AppDelegate.swift in Sources */,
			);
			runOnlyForDeploymentPostprocessing = 0;
		};
/* End PBXSourcesBuildPhase section */

/* Begin PBXVariantGroup section */
		DF6B39031C7E31B100177A98 /* Main.storyboard */ = {
			isa = PBXVariantGroup;
			children = (
				DF6B39041C7E31B100177A98 /* Base */,
			);
			name = Main.storyboard;
			sourceTree = "<group>";
		};
		DF6B39081C7E31B100177A98 /* LaunchScreen.storyboard */ = {
			isa = PBXVariantGroup;
			children = (
				DF6B39091C7E31B100177A98 /* Base */,
			);
			name = LaunchScreen.storyboard;
			sourceTree = "<group>";
		};
		DF904C6A1C763CD300BE53E5 /* Main.storyboard */ = {
			isa = PBXVariantGroup;
			children = (
				DF904C6B1C763CD300BE53E5 /* Base */,
			);
			name = Main.storyboard;
			sourceTree = "<group>";
		};
		DF904C6F1C763CD300BE53E5 /* LaunchScreen.storyboard */ = {
			isa = PBXVariantGroup;
			children = (
				DF904C701C763CD300BE53E5 /* Base */,
			);
			name = LaunchScreen.storyboard;
			sourceTree = "<group>";
		};
/* End PBXVariantGroup section */

/* Begin XCBuildConfiguration section */
		DF6B390C1C7E31B100177A98 /* Debug */ = {
			isa = XCBuildConfiguration;
			baseConfigurationReference = 8DC27C0F7A1FD8EE39721A7F /* Pods-Stormpath ObjC Example.debug.xcconfig */;
			buildSettings = {
				ASSETCATALOG_COMPILER_APPICON_NAME = AppIcon;
				DEVELOPMENT_TEAM = 2KJYZ9RG2S;
				INFOPLIST_FILE = "Stormpath ObjC Example/Info.plist";
				IPHONEOS_DEPLOYMENT_TARGET = 8.0;
				LD_RUNPATH_SEARCH_PATHS = "$(inherited) @executable_path/Frameworks";
				PRODUCT_BUNDLE_IDENTIFIER = "com.stormpath.Stormpath-ObjC-Example";
				PRODUCT_NAME = "$(TARGET_NAME)";
			};
			name = Debug;
		};
		DF6B390D1C7E31B100177A98 /* Release */ = {
			isa = XCBuildConfiguration;
			baseConfigurationReference = 1BB18F1870982BB14A875E7F /* Pods-Stormpath ObjC Example.release.xcconfig */;
			buildSettings = {
				ASSETCATALOG_COMPILER_APPICON_NAME = AppIcon;
				DEVELOPMENT_TEAM = 2KJYZ9RG2S;
				INFOPLIST_FILE = "Stormpath ObjC Example/Info.plist";
				IPHONEOS_DEPLOYMENT_TARGET = 8.0;
				LD_RUNPATH_SEARCH_PATHS = "$(inherited) @executable_path/Frameworks";
				PRODUCT_BUNDLE_IDENTIFIER = "com.stormpath.Stormpath-ObjC-Example";
				PRODUCT_NAME = "$(TARGET_NAME)";
			};
			name = Release;
		};
		DF904C731C763CD300BE53E5 /* Debug */ = {
			isa = XCBuildConfiguration;
			buildSettings = {
				ALWAYS_SEARCH_USER_PATHS = NO;
				CLANG_CXX_LANGUAGE_STANDARD = "gnu++0x";
				CLANG_CXX_LIBRARY = "libc++";
				CLANG_ENABLE_MODULES = YES;
				CLANG_ENABLE_OBJC_ARC = YES;
				CLANG_WARN_BOOL_CONVERSION = YES;
				CLANG_WARN_CONSTANT_CONVERSION = YES;
				CLANG_WARN_DIRECT_OBJC_ISA_USAGE = YES_ERROR;
				CLANG_WARN_EMPTY_BODY = YES;
				CLANG_WARN_ENUM_CONVERSION = YES;
				CLANG_WARN_INT_CONVERSION = YES;
				CLANG_WARN_OBJC_ROOT_CLASS = YES_ERROR;
				CLANG_WARN_UNREACHABLE_CODE = YES;
				CLANG_WARN__DUPLICATE_METHOD_MATCH = YES;
				"CODE_SIGN_IDENTITY[sdk=iphoneos*]" = "iPhone Developer";
				COPY_PHASE_STRIP = NO;
				DEBUG_INFORMATION_FORMAT = dwarf;
				ENABLE_STRICT_OBJC_MSGSEND = YES;
				ENABLE_TESTABILITY = YES;
				GCC_C_LANGUAGE_STANDARD = gnu99;
				GCC_DYNAMIC_NO_PIC = NO;
				GCC_NO_COMMON_BLOCKS = YES;
				GCC_OPTIMIZATION_LEVEL = 0;
				GCC_PREPROCESSOR_DEFINITIONS = (
					"DEBUG=1",
					"$(inherited)",
				);
				GCC_WARN_64_TO_32_BIT_CONVERSION = YES;
				GCC_WARN_ABOUT_RETURN_TYPE = YES_ERROR;
				GCC_WARN_UNDECLARED_SELECTOR = YES;
				GCC_WARN_UNINITIALIZED_AUTOS = YES_AGGRESSIVE;
				GCC_WARN_UNUSED_FUNCTION = YES;
				GCC_WARN_UNUSED_VARIABLE = YES;
				IPHONEOS_DEPLOYMENT_TARGET = 9.2;
				MTL_ENABLE_DEBUG_INFO = YES;
				ONLY_ACTIVE_ARCH = YES;
				SDKROOT = iphoneos;
				SWIFT_OPTIMIZATION_LEVEL = "-Onone";
				SWIFT_VERSION = 3.0;
				TARGETED_DEVICE_FAMILY = "1,2";
			};
			name = Debug;
		};
		DF904C741C763CD300BE53E5 /* Release */ = {
			isa = XCBuildConfiguration;
			buildSettings = {
				ALWAYS_SEARCH_USER_PATHS = NO;
				CLANG_CXX_LANGUAGE_STANDARD = "gnu++0x";
				CLANG_CXX_LIBRARY = "libc++";
				CLANG_ENABLE_MODULES = YES;
				CLANG_ENABLE_OBJC_ARC = YES;
				CLANG_WARN_BOOL_CONVERSION = YES;
				CLANG_WARN_CONSTANT_CONVERSION = YES;
				CLANG_WARN_DIRECT_OBJC_ISA_USAGE = YES_ERROR;
				CLANG_WARN_EMPTY_BODY = YES;
				CLANG_WARN_ENUM_CONVERSION = YES;
				CLANG_WARN_INT_CONVERSION = YES;
				CLANG_WARN_OBJC_ROOT_CLASS = YES_ERROR;
				CLANG_WARN_UNREACHABLE_CODE = YES;
				CLANG_WARN__DUPLICATE_METHOD_MATCH = YES;
				"CODE_SIGN_IDENTITY[sdk=iphoneos*]" = "iPhone Developer";
				COPY_PHASE_STRIP = NO;
				DEBUG_INFORMATION_FORMAT = "dwarf-with-dsym";
				ENABLE_NS_ASSERTIONS = NO;
				ENABLE_STRICT_OBJC_MSGSEND = YES;
				GCC_C_LANGUAGE_STANDARD = gnu99;
				GCC_NO_COMMON_BLOCKS = YES;
				GCC_WARN_64_TO_32_BIT_CONVERSION = YES;
				GCC_WARN_ABOUT_RETURN_TYPE = YES_ERROR;
				GCC_WARN_UNDECLARED_SELECTOR = YES;
				GCC_WARN_UNINITIALIZED_AUTOS = YES_AGGRESSIVE;
				GCC_WARN_UNUSED_FUNCTION = YES;
				GCC_WARN_UNUSED_VARIABLE = YES;
				IPHONEOS_DEPLOYMENT_TARGET = 9.2;
				MTL_ENABLE_DEBUG_INFO = NO;
				SDKROOT = iphoneos;
				SWIFT_VERSION = 3.0;
				TARGETED_DEVICE_FAMILY = "1,2";
				VALIDATE_PRODUCT = YES;
			};
			name = Release;
		};
		DF904C761C763CD300BE53E5 /* Debug */ = {
			isa = XCBuildConfiguration;
			baseConfigurationReference = A3BBF287FECA0905979B236C /* Pods-Stormpath Swift Example.debug.xcconfig */;
			buildSettings = {
				ASSETCATALOG_COMPILER_APPICON_NAME = AppIcon;
				DEVELOPMENT_TEAM = 2KJYZ9RG2S;
				INFOPLIST_FILE = "Stormpath Swift Example/Info.plist";
				IPHONEOS_DEPLOYMENT_TARGET = 8.0;
				LD_RUNPATH_SEARCH_PATHS = "$(inherited) @executable_path/Frameworks";
				PRODUCT_BUNDLE_IDENTIFIER = "com.stormpath.Stormpath-iOS-Example";
				PRODUCT_NAME = "$(TARGET_NAME)";
				SWIFT_VERSION = 3.0;
			};
			name = Debug;
		};
		DF904C771C763CD300BE53E5 /* Release */ = {
			isa = XCBuildConfiguration;
			baseConfigurationReference = 91C1B86223B9D87D2C15018D /* Pods-Stormpath Swift Example.release.xcconfig */;
			buildSettings = {
				ASSETCATALOG_COMPILER_APPICON_NAME = AppIcon;
				DEVELOPMENT_TEAM = 2KJYZ9RG2S;
				INFOPLIST_FILE = "Stormpath Swift Example/Info.plist";
				IPHONEOS_DEPLOYMENT_TARGET = 8.0;
				LD_RUNPATH_SEARCH_PATHS = "$(inherited) @executable_path/Frameworks";
				PRODUCT_BUNDLE_IDENTIFIER = "com.stormpath.Stormpath-iOS-Example";
				PRODUCT_NAME = "$(TARGET_NAME)";
				SWIFT_VERSION = 3.0;
			};
			name = Release;
		};
/* End XCBuildConfiguration section */

/* Begin XCConfigurationList section */
		DF6B390E1C7E31B100177A98 /* Build configuration list for PBXNativeTarget "Stormpath ObjC Example" */ = {
			isa = XCConfigurationList;
			buildConfigurations = (
				DF6B390C1C7E31B100177A98 /* Debug */,
				DF6B390D1C7E31B100177A98 /* Release */,
			);
			defaultConfigurationIsVisible = 0;
			defaultConfigurationName = Release;
		};
		DF904C5E1C763CD300BE53E5 /* Build configuration list for PBXProject "Stormpath iOS Example" */ = {
			isa = XCConfigurationList;
			buildConfigurations = (
				DF904C731C763CD300BE53E5 /* Debug */,
				DF904C741C763CD300BE53E5 /* Release */,
			);
			defaultConfigurationIsVisible = 0;
			defaultConfigurationName = Release;
		};
		DF904C751C763CD300BE53E5 /* Build configuration list for PBXNativeTarget "Stormpath Swift Example" */ = {
			isa = XCConfigurationList;
			buildConfigurations = (
				DF904C761C763CD300BE53E5 /* Debug */,
				DF904C771C763CD300BE53E5 /* Release */,
			);
			defaultConfigurationIsVisible = 0;
			defaultConfigurationName = Release;
		};
/* End XCConfigurationList section */
	};
	rootObject = DF904C5B1C763CD300BE53E5 /* Project object */;
}
